// !$*UTF8*$!
{
	archiveVersion = 1;
	classes = {
	};
	objectVersion = 50;
	objects = {

/* Begin PBXBuildFile section */
		162C6584245C999F0087A820 /* AppDelegate.swift in Sources */ = {isa = PBXBuildFile; fileRef = 162C6583245C999F0087A820 /* AppDelegate.swift */; };
		162C6586245C999F0087A820 /* SceneDelegate.swift in Sources */ = {isa = PBXBuildFile; fileRef = 162C6585245C999F0087A820 /* SceneDelegate.swift */; };
		162C6588245C999F0087A820 /* ViewController.swift in Sources */ = {isa = PBXBuildFile; fileRef = 162C6587245C999F0087A820 /* ViewController.swift */; };
		162C658B245C999F0087A820 /* Main.storyboard in Resources */ = {isa = PBXBuildFile; fileRef = 162C6589245C999F0087A820 /* Main.storyboard */; };
		162C658D245C99A00087A820 /* Assets.xcassets in Resources */ = {isa = PBXBuildFile; fileRef = 162C658C245C99A00087A820 /* Assets.xcassets */; };
		162C6590245C99A00087A820 /* LaunchScreen.storyboard in Resources */ = {isa = PBXBuildFile; fileRef = 162C658E245C99A00087A820 /* LaunchScreen.storyboard */; };
		162C65A1245CB8C00087A820 /* cover_1.jpg in Resources */ = {isa = PBXBuildFile; fileRef = 162C65A0245CB8C00087A820 /* cover_1.jpg */; };
		1670D110245E75DA002B7A6D /* Audiobox.swift in Sources */ = {isa = PBXBuildFile; fileRef = 1670D10F245E75DA002B7A6D /* Audiobox.swift */; };
		16D9A035245E708300575889 /* cover_0.png in Resources */ = {isa = PBXBuildFile; fileRef = 16D9A034245E708300575889 /* cover_0.png */; };
		16D9A038245E709B00575889 /* audio_0.mp3 in Resources */ = {isa = PBXBuildFile; fileRef = 16D9A036245E709B00575889 /* audio_0.mp3 */; };
		16D9A039245E709B00575889 /* audio_1.mp3 in Resources */ = {isa = PBXBuildFile; fileRef = 16D9A037245E709B00575889 /* audio_1.mp3 */; };
/* End PBXBuildFile section */

/* Begin PBXFileReference section */
		162C6580245C999F0087A820 /* AudioboxDemo.app */ = {isa = PBXFileReference; explicitFileType = wrapper.application; includeInIndex = 0; path = AudioboxDemo.app; sourceTree = BUILT_PRODUCTS_DIR; };
		162C6583245C999F0087A820 /* AppDelegate.swift */ = {isa = PBXFileReference; lastKnownFileType = sourcecode.swift; path = AppDelegate.swift; sourceTree = "<group>"; };
		162C6585245C999F0087A820 /* SceneDelegate.swift */ = {isa = PBXFileReference; lastKnownFileType = sourcecode.swift; path = SceneDelegate.swift; sourceTree = "<group>"; };
		162C6587245C999F0087A820 /* ViewController.swift */ = {isa = PBXFileReference; lastKnownFileType = sourcecode.swift; path = ViewController.swift; sourceTree = "<group>"; };
		162C658A245C999F0087A820 /* Base */ = {isa = PBXFileReference; lastKnownFileType = file.storyboard; name = Base; path = Base.lproj/Main.storyboard; sourceTree = "<group>"; };
		162C658C245C99A00087A820 /* Assets.xcassets */ = {isa = PBXFileReference; lastKnownFileType = folder.assetcatalog; path = Assets.xcassets; sourceTree = "<group>"; };
		162C658F245C99A00087A820 /* Base */ = {isa = PBXFileReference; lastKnownFileType = file.storyboard; name = Base; path = Base.lproj/LaunchScreen.storyboard; sourceTree = "<group>"; };
		162C6591245C99A00087A820 /* Info.plist */ = {isa = PBXFileReference; lastKnownFileType = text.plist.xml; path = Info.plist; sourceTree = "<group>"; };
		162C65A0245CB8C00087A820 /* cover_1.jpg */ = {isa = PBXFileReference; lastKnownFileType = image.jpeg; path = cover_1.jpg; sourceTree = "<group>"; };
		1670D10F245E75DA002B7A6D /* Audiobox.swift */ = {isa = PBXFileReference; fileEncoding = 4; lastKnownFileType = sourcecode.swift; name = Audiobox.swift; path = ../../Audiobox.swift; sourceTree = "<group>"; };
		16D9A034245E708300575889 /* cover_0.png */ = {isa = PBXFileReference; lastKnownFileType = image.png; path = cover_0.png; sourceTree = "<group>"; };
		16D9A036245E709B00575889 /* audio_0.mp3 */ = {isa = PBXFileReference; lastKnownFileType = audio.mp3; path = audio_0.mp3; sourceTree = "<group>"; };
		16D9A037245E709B00575889 /* audio_1.mp3 */ = {isa = PBXFileReference; lastKnownFileType = audio.mp3; path = audio_1.mp3; sourceTree = "<group>"; };
/* End PBXFileReference section */

/* Begin PBXFrameworksBuildPhase section */
		162C657D245C999F0087A820 /* Frameworks */ = {
			isa = PBXFrameworksBuildPhase;
			buildActionMask = 2147483647;
			files = (
			);
			runOnlyForDeploymentPostprocessing = 0;
		};
/* End PBXFrameworksBuildPhase section */

/* Begin PBXGroup section */
		162C6577245C999F0087A820 = {
			isa = PBXGroup;
			children = (
				162C6582245C999F0087A820 /* AudioboxDemo */,
				162C6581245C999F0087A820 /* Products */,
			);
			sourceTree = "<group>";
		};
		162C6581245C999F0087A820 /* Products */ = {
			isa = PBXGroup;
			children = (
				162C6580245C999F0087A820 /* AudioboxDemo.app */,
			);
			name = Products;
			sourceTree = "<group>";
		};
		162C6582245C999F0087A820 /* AudioboxDemo */ = {
			isa = PBXGroup;
			children = (
				1670D10F245E75DA002B7A6D /* Audiobox.swift */,
				162C6587245C999F0087A820 /* ViewController.swift */,
				16339B1B245E59A300E6FCEC /* Assets */,
				162C659B245C9B7C0087A820 /* Application */,
			);
			path = AudioboxDemo;
			sourceTree = "<group>";
		};
		162C659B245C9B7C0087A820 /* Application */ = {
			isa = PBXGroup;
			children = (
				162C6591245C99A00087A820 /* Info.plist */,
				162C658C245C99A00087A820 /* Assets.xcassets */,
				162C6589245C999F0087A820 /* Main.storyboard */,
				162C658E245C99A00087A820 /* LaunchScreen.storyboard */,
				162C6583245C999F0087A820 /* AppDelegate.swift */,
				162C6585245C999F0087A820 /* SceneDelegate.swift */,
			);
			path = Application;
			sourceTree = "<group>";
		};
		16339B1B245E59A300E6FCEC /* Assets */ = {
			isa = PBXGroup;
			children = (
				16D9A034245E708300575889 /* cover_0.png */,
				16D9A036245E709B00575889 /* audio_0.mp3 */,
				162C65A0245CB8C00087A820 /* cover_1.jpg */,
				16D9A037245E709B00575889 /* audio_1.mp3 */,
			);
			path = Assets;
			sourceTree = "<group>";
		};
/* End PBXGroup section */

/* Begin PBXNativeTarget section */
		162C657F245C999F0087A820 /* AudioboxDemo */ = {
			isa = PBXNativeTarget;
			buildConfigurationList = 162C6594245C99A00087A820 /* Build configuration list for PBXNativeTarget "AudioboxDemo" */;
			buildPhases = (
				162C657C245C999F0087A820 /* Sources */,
				162C657D245C999F0087A820 /* Frameworks */,
				162C657E245C999F0087A820 /* Resources */,
			);
			buildRules = (
			);
			dependencies = (
			);
			name = AudioboxDemo;
			productName = AudioPlayer;
			productReference = 162C6580245C999F0087A820 /* AudioboxDemo.app */;
			productType = "com.apple.product-type.application";
		};
/* End PBXNativeTarget section */

/* Begin PBXProject section */
		162C6578245C999F0087A820 /* Project object */ = {
			isa = PBXProject;
			attributes = {
				LastSwiftUpdateCheck = 1140;
				LastUpgradeCheck = 1140;
				ORGANIZATIONNAME = "Alberto Lourenco";
				TargetAttributes = {
					162C657F245C999F0087A820 = {
						CreatedOnToolsVersion = 11.4.1;
					};
				};
			};
			buildConfigurationList = 162C657B245C999F0087A820 /* Build configuration list for PBXProject "AudioboxDemo" */;
			compatibilityVersion = "Xcode 9.3";
			developmentRegion = en;
			hasScannedForEncodings = 0;
			knownRegions = (
				en,
				Base,
			);
			mainGroup = 162C6577245C999F0087A820;
			productRefGroup = 162C6581245C999F0087A820 /* Products */;
			projectDirPath = "";
			projectRoot = "";
			targets = (
				162C657F245C999F0087A820 /* AudioboxDemo */,
			);
		};
/* End PBXProject section */

/* Begin PBXResourcesBuildPhase section */
		162C657E245C999F0087A820 /* Resources */ = {
			isa = PBXResourcesBuildPhase;
			buildActionMask = 2147483647;
			files = (
				162C6590245C99A00087A820 /* LaunchScreen.storyboard in Resources */,
				16D9A039245E709B00575889 /* audio_1.mp3 in Resources */,
				162C65A1245CB8C00087A820 /* cover_1.jpg in Resources */,
				162C658D245C99A00087A820 /* Assets.xcassets in Resources */,
				162C658B245C999F0087A820 /* Main.storyboard in Resources */,
				16D9A038245E709B00575889 /* audio_0.mp3 in Resources */,
				16D9A035245E708300575889 /* cover_0.png in Resources */,
			);
			runOnlyForDeploymentPostprocessing = 0;
		};
/* End PBXResourcesBuildPhase section */

/* Begin PBXSourcesBuildPhase section */
		162C657C245C999F0087A820 /* Sources */ = {
			isa = PBXSourcesBuildPhase;
			buildActionMask = 2147483647;
			files = (
				1670D110245E75DA002B7A6D /* Audiobox.swift in Sources */,
				162C6588245C999F0087A820 /* ViewController.swift in Sources */,
				162C6584245C999F0087A820 /* AppDelegate.swift in Sources */,
				162C6586245C999F0087A820 /* SceneDelegate.swift in Sources */,
			);
			runOnlyForDeploymentPostprocessing = 0;
		};
/* End PBXSourcesBuildPhase section */

/* Begin PBXVariantGroup section */
		162C6589245C999F0087A820 /* Main.storyboard */ = {
			isa = PBXVariantGroup;
			children = (
				162C658A245C999F0087A820 /* Base */,
			);
			name = Main.storyboard;
			sourceTree = "<group>";
		};
		162C658E245C99A00087A820 /* LaunchScreen.storyboard */ = {
			isa = PBXVariantGroup;
			children = (
				162C658F245C99A00087A820 /* Base */,
			);
			name = LaunchScreen.storyboard;
			sourceTree = "<group>";
		};
/* End PBXVariantGroup section */

/* Begin XCBuildConfiguration section */
		162C6592245C99A00087A820 /* Debug */ = {
			isa = XCBuildConfiguration;
			buildSettings = {
				ALWAYS_SEARCH_USER_PATHS = NO;
				CLANG_ANALYZER_NONNULL = YES;
				CLANG_ANALYZER_NUMBER_OBJECT_CONVERSION = YES_AGGRESSIVE;
				CLANG_CXX_LANGUAGE_STANDARD = "gnu++14";
				CLANG_CXX_LIBRARY = "libc++";
				CLANG_ENABLE_MODULES = YES;
				CLANG_ENABLE_OBJC_ARC = YES;
				CLANG_ENABLE_OBJC_WEAK = YES;
				CLANG_WARN_BLOCK_CAPTURE_AUTORELEASING = YES;
				CLANG_WARN_BOOL_CONVERSION = YES;
				CLANG_WARN_COMMA = YES;
				CLANG_WARN_CONSTANT_CONVERSION = YES;
				CLANG_WARN_DEPRECATED_OBJC_IMPLEMENTATIONS = YES;
				CLANG_WARN_DIRECT_OBJC_ISA_USAGE = YES_ERROR;
				CLANG_WARN_DOCUMENTATION_COMMENTS = YES;
				CLANG_WARN_EMPTY_BODY = YES;
				CLANG_WARN_ENUM_CONVERSION = YES;
				CLANG_WARN_INFINITE_RECURSION = YES;
				CLANG_WARN_INT_CONVERSION = YES;
				CLANG_WARN_NON_LITERAL_NULL_CONVERSION = YES;
				CLANG_WARN_OBJC_IMPLICIT_RETAIN_SELF = YES;
				CLANG_WARN_OBJC_LITERAL_CONVERSION = YES;
				CLANG_WARN_OBJC_ROOT_CLASS = YES_ERROR;
				CLANG_WARN_RANGE_LOOP_ANALYSIS = YES;
				CLANG_WARN_STRICT_PROTOTYPES = YES;
				CLANG_WARN_SUSPICIOUS_MOVE = YES;
				CLANG_WARN_UNGUARDED_AVAILABILITY = YES_AGGRESSIVE;
				CLANG_WARN_UNREACHABLE_CODE = YES;
				CLANG_WARN__DUPLICATE_METHOD_MATCH = YES;
				COPY_PHASE_STRIP = NO;
				DEBUG_INFORMATION_FORMAT = dwarf;
				ENABLE_STRICT_OBJC_MSGSEND = YES;
				ENABLE_TESTABILITY = YES;
				GCC_C_LANGUAGE_STANDARD = gnu11;
				GCC_DYNAMIC_NO_PIC = NO;
				GCC_NO_COMMON_BLOCKS = YES;
				GCC_OPTIMIZATION_LEVEL = 0;
				GCC_PREPROCESSOR_DEFINITIONS = (
					"DEBUG=1",
					"$(inherited)",
				);
				GCC_WARN_64_TO_32_BIT_CONVERSION = YES;
				GCC_WARN_ABOUT_RETURN_TYPE = YES_ERROR;
				GCC_WARN_UNDECLARED_SELECTOR = YES;
				GCC_WARN_UNINITIALIZED_AUTOS = YES_AGGRESSIVE;
				GCC_WARN_UNUSED_FUNCTION = YES;
				GCC_WARN_UNUSED_VARIABLE = YES;
				IPHONEOS_DEPLOYMENT_TARGET = 13.4;
				MTL_ENABLE_DEBUG_INFO = INCLUDE_SOURCE;
				MTL_FAST_MATH = YES;
				ONLY_ACTIVE_ARCH = YES;
				SDKROOT = iphoneos;
				SWIFT_ACTIVE_COMPILATION_CONDITIONS = DEBUG;
				SWIFT_OPTIMIZATION_LEVEL = "-Onone";
			};
			name = Debug;
		};
		162C6593245C99A00087A820 /* Release */ = {
			isa = XCBuildConfiguration;
			buildSettings = {
				ALWAYS_SEARCH_USER_PATHS = NO;
				CLANG_ANALYZER_NONNULL = YES;
				CLANG_ANALYZER_NUMBER_OBJECT_CONVERSION = YES_AGGRESSIVE;
				CLANG_CXX_LANGUAGE_STANDARD = "gnu++14";
				CLANG_CXX_LIBRARY = "libc++";
				CLANG_ENABLE_MODULES = YES;
				CLANG_ENABLE_OBJC_ARC = YES;
				CLANG_ENABLE_OBJC_WEAK = YES;
				CLANG_WARN_BLOCK_CAPTURE_AUTORELEASING = YES;
				CLANG_WARN_BOOL_CONVERSION = YES;
				CLANG_WARN_COMMA = YES;
				CLANG_WARN_CONSTANT_CONVERSION = YES;
				CLANG_WARN_DEPRECATED_OBJC_IMPLEMENTATIONS = YES;
				CLANG_WARN_DIRECT_OBJC_ISA_USAGE = YES_ERROR;
				CLANG_WARN_DOCUMENTATION_COMMENTS = YES;
				CLANG_WARN_EMPTY_BODY = YES;
				CLANG_WARN_ENUM_CONVERSION = YES;
				CLANG_WARN_INFINITE_RECURSION = YES;
				CLANG_WARN_INT_CONVERSION = YES;
				CLANG_WARN_NON_LITERAL_NULL_CONVERSION = YES;
				CLANG_WARN_OBJC_IMPLICIT_RETAIN_SELF = YES;
				CLANG_WARN_OBJC_LITERAL_CONVERSION = YES;
				CLANG_WARN_OBJC_ROOT_CLASS = YES_ERROR;
				CLANG_WARN_RANGE_LOOP_ANALYSIS = YES;
				CLANG_WARN_STRICT_PROTOTYPES = YES;
				CLANG_WARN_SUSPICIOUS_MOVE = YES;
				CLANG_WARN_UNGUARDED_AVAILABILITY = YES_AGGRESSIVE;
				CLANG_WARN_UNREACHABLE_CODE = YES;
				CLANG_WARN__DUPLICATE_METHOD_MATCH = YES;
				COPY_PHASE_STRIP = NO;
				DEBUG_INFORMATION_FORMAT = "dwarf-with-dsym";
				ENABLE_NS_ASSERTIONS = NO;
				ENABLE_STRICT_OBJC_MSGSEND = YES;
				GCC_C_LANGUAGE_STANDARD = gnu11;
				GCC_NO_COMMON_BLOCKS = YES;
				GCC_WARN_64_TO_32_BIT_CONVERSION = YES;
				GCC_WARN_ABOUT_RETURN_TYPE = YES_ERROR;
				GCC_WARN_UNDECLARED_SELECTOR = YES;
				GCC_WARN_UNINITIALIZED_AUTOS = YES_AGGRESSIVE;
				GCC_WARN_UNUSED_FUNCTION = YES;
				GCC_WARN_UNUSED_VARIABLE = YES;
				IPHONEOS_DEPLOYMENT_TARGET = 13.4;
				MTL_ENABLE_DEBUG_INFO = NO;
				MTL_FAST_MATH = YES;
				SDKROOT = iphoneos;
				SWIFT_COMPILATION_MODE = wholemodule;
				SWIFT_OPTIMIZATION_LEVEL = "-O";
				VALIDATE_PRODUCT = YES;
			};
			name = Release;
		};
		162C6595245C99A00087A820 /* Debug */ = {
			isa = XCBuildConfiguration;
			buildSettings = {
				ASSETCATALOG_COMPILER_APPICON_NAME = AppIcon;
				CODE_SIGN_STYLE = Automatic;
				DEVELOPMENT_TEAM = 8G88K2N9TE;
				INFOPLIST_FILE = "$(SRCROOT)/AudioboxDemo/Application/Info.plist";
				IPHONEOS_DEPLOYMENT_TARGET = 13.0;
				LD_RUNPATH_SEARCH_PATHS = (
					"$(inherited)",
					"@executable_path/Frameworks",
				);
				PRODUCT_BUNDLE_IDENTIFIER = br.com.albertoLourenco.AudioboxDemo;
				PRODUCT_NAME = "$(TARGET_NAME)";
				SWIFT_VERSION = 5.0;
				TARGETED_DEVICE_FAMILY = "1,2";
			};
			name = Debug;
		};
		162C6596245C99A00087A820 /* Release */ = {
			isa = XCBuildConfiguration;
			buildSettings = {
				ASSETCATALOG_COMPILER_APPICON_NAME = AppIcon;
				CODE_SIGN_STYLE = Automatic;
				DEVELOPMENT_TEAM = 8G88K2N9TE;
				INFOPLIST_FILE = "$(SRCROOT)/AudioboxDemo/Application/Info.plist";
				IPHONEOS_DEPLOYMENT_TARGET = 13.0;
				LD_RUNPATH_SEARCH_PATHS = (
					"$(inherited)",
					"@executable_path/Frameworks",
				);
				PRODUCT_BUNDLE_IDENTIFIER = br.com.albertoLourenco.AudioboxDemo;
				PRODUCT_NAME = "$(TARGET_NAME)";
				SWIFT_VERSION = 5.0;
				TARGETED_DEVICE_FAMILY = "1,2";
			};
			name = Release;
		};
/* End XCBuildConfiguration section */

/* Begin XCConfigurationList section */
		162C657B245C999F0087A820 /* Build configuration list for PBXProject "AudioboxDemo" */ = {
			isa = XCConfigurationList;
			buildConfigurations = (
				162C6592245C99A00087A820 /* Debug */,
				162C6593245C99A00087A820 /* Release */,
			);
			defaultConfigurationIsVisible = 0;
			defaultConfigurationName = Release;
		};
		162C6594245C99A00087A820 /* Build configuration list for PBXNativeTarget "AudioboxDemo" */ = {
			isa = XCConfigurationList;
			buildConfigurations = (
				162C6595245C99A00087A820 /* Debug */,
				162C6596245C99A00087A820 /* Release */,
			);
			defaultConfigurationIsVisible = 0;
			defaultConfigurationName = Release;
		};
/* End XCConfigurationList section */
	};
	rootObject = 162C6578245C999F0087A820 /* Project object */;
}
